{
  "name": "nodebb-f24-bluesleep",
  "lockfileVersion": 3,
  "requires": true,
  "packages": {
    "": {
      "dependencies": {
        "iroh": "^0.3.0"
      }
    },
    "node_modules/astring": {
      "version": "1.9.0",
      "license": "MIT",
      "bin": {
        "astring": "bin/astring"
      }
    },
    "node_modules/iroh": {
      "version": "0.3.0",
      "resolved": "https://registry.npmjs.org/iroh/-/iroh-0.3.0.tgz",
      "integrity": "sha512-dKCkw27lFHnDY5PbNWKZ1+vzR/KBvr6c1LhbdigCZpjcSqMJURN16QnQNhAv3ZJ57JvsmPlprKjq/HV5D7Ingw==",
      "dependencies": {
        "acorn": "^5.1.1",
        "astring": "^1.0.5"
      },
      "engines": {
        "node": ">= 6.x"
      }
    },
    "node_modules/iroh/node_modules/acorn": {
      "version": "5.7.4",
      "license": "MIT",
      "bin": {
        "acorn": "bin/acorn"
      },
      "engines": {
        "node": ">=0.4.0"
      }
    }
  }
}
